
Microsoft Visual Studio Solution File, Format Version 12.00
# Visual Studio Version 17
VisualStudioVersion = 17.5.002.0
MinimumVisualStudioVersion = 10.0.40219.1
Project("{9A19103F-16F7-4668-BE54-9A1E7A4F7556}") = "be_semigura", "be_semigura.csproj", "{500D2A20-D490-4E12-AFA7-BB7D073D7F3F}"
EndProject
Global
	GlobalSection(SolutionConfigurationPlatforms) = preSolution
		Debug|Any CPU = Debug|Any CPU
		Release|Any CPU = Release|Any CPU
	EndGlobalSection
	GlobalSection(ProjectConfigurationPlatforms) = postSolution
		{500D2A20-D490-4E12-AFA7-BB7D073D7F3F}.Debug|Any CPU.ActiveCfg = Debug|Any CPU
		{500D2A20-D490-4E12-AFA7-BB7D073D7F3F}.Debug|Any CPU.Build.0 = Debug|Any CPU
		{500D2A20-D490-4E12-AFA7-BB7D073D7F3F}.Release|Any CPU.ActiveCfg = Release|Any CPU
		{500D2A20-D490-4E12-AFA7-BB7D073D7F3F}.Release|Any CPU.Build.0 = Release|Any CPU
	EndGlobalSection
	GlobalSection(SolutionProperties) = preSolution
		HideSolutionNode = FALSE
	EndGlobalSection
	GlobalSection(ExtensibilityGlobals) = postSolution
		SolutionGuid = {28D25548-6ADC-482C-ADDD-B9A56EED1922}
	EndGlobalSection
EndGlobal
